// !$*UTF8*$!
{
	archiveVersion = 1;
	classes = {
	};
	objectVersion = 46;
	objects = {

/* Begin PBXBuildFile section */
		2B0A6ABB1F0E5D900045BDC3 /* WeatherViewController.swift in Sources */ = {isa = PBXBuildFile; fileRef = 2B0A6ABA1F0E5D900045BDC3 /* WeatherViewController.swift */; };
		2B0A6AC01F0E5EB50045BDC3 /* Images.xcassets in Resources */ = {isa = PBXBuildFile; fileRef = 2B0A6ABD1F0E5EB50045BDC3 /* Images.xcassets */; };
		2B0A6AC11F0E5EB50045BDC3 /* City.plist in Resources */ = {isa = PBXBuildFile; fileRef = 2B0A6ABE1F0E5EB50045BDC3 /* City.plist */; };
		2B0A6AC21F0E5EB50045BDC3 /* Inspirations.xcassets in Resources */ = {isa = PBXBuildFile; fileRef = 2B0A6ABF1F0E5EB50045BDC3 /* Inspirations.xcassets */; };
		2B0A6AC61F0E5F4B0045BDC3 /* UltravisualLayout.swift in Sources */ = {isa = PBXBuildFile; fileRef = 2B0A6AC51F0E5F4B0045BDC3 /* UltravisualLayout.swift */; };
		2B0A6AC91F0E5F600045BDC3 /* UIColor+Palette.swift in Sources */ = {isa = PBXBuildFile; fileRef = 2B0A6AC71F0E5F600045BDC3 /* UIColor+Palette.swift */; };
		2B0A6ACA1F0E5F600045BDC3 /* UIImage+Decompression.swift in Sources */ = {isa = PBXBuildFile; fileRef = 2B0A6AC81F0E5F600045BDC3 /* UIImage+Decompression.swift */; };
		2B0A6ACC1F0E5F8C0045BDC3 /* WeatherCell.swift in Sources */ = {isa = PBXBuildFile; fileRef = 2B0A6ACB1F0E5F8C0045BDC3 /* WeatherCell.swift */; };
		2B0A6ACF1F0E5FA60045BDC3 /* Session.swift in Sources */ = {isa = PBXBuildFile; fileRef = 2B0A6ACD1F0E5FA60045BDC3 /* Session.swift */; };
		2B0A6AD01F0E5FA60045BDC3 /* Inspiration.swift in Sources */ = {isa = PBXBuildFile; fileRef = 2B0A6ACE1F0E5FA60045BDC3 /* Inspiration.swift */; };
		2B5018B81F06691B005DF6CD /* data2.db in Resources */ = {isa = PBXBuildFile; fileRef = 2B5018B71F06691B005DF6CD /* data2.db */; };
		2BA716911F03D51E00C19B1A /* TransliterationText.swift in Sources */ = {isa = PBXBuildFile; fileRef = 2BA716901F03D51E00C19B1A /* TransliterationText.swift */; };
		2BC7B8A01F0614D4004FB12C /* SQLiteDB.swift in Sources */ = {isa = PBXBuildFile; fileRef = 2BC7B89F1F0614D4004FB12C /* SQLiteDB.swift */; };
		2BC7B8AA1F061B56004FB12C /* libsqlite3.0.tbd in Frameworks */ = {isa = PBXBuildFile; fileRef = 2BC7B8A61F061782004FB12C /* libsqlite3.0.tbd */; };
		2BDA59DE1F04F6FD0049EA51 /* WeatherDetail.storyboard in Resources */ = {isa = PBXBuildFile; fileRef = 2BDA59DD1F04F6FD0049EA51 /* WeatherDetail.storyboard */; };
		2BDA59E01F051E010049EA51 /* SearchCity.storyboard in Resources */ = {isa = PBXBuildFile; fileRef = 2BDA59DF1F051E010049EA51 /* SearchCity.storyboard */; };
		2BDA59E31F05210C0049EA51 /* SearchCityViewController.swift in Sources */ = {isa = PBXBuildFile; fileRef = 2BDA59E21F05210C0049EA51 /* SearchCityViewController.swift */; };
		2BE46B301F061D3800D7A26F /* SQLTable.swift in Sources */ = {isa = PBXBuildFile; fileRef = 2BE46B2F1F061D3800D7A26F /* SQLTable.swift */; };
		650080001E634E0100DEEACA /* SimpleAlert.swift in Sources */ = {isa = PBXBuildFile; fileRef = 65007FFF1E634E0100DEEACA /* SimpleAlert.swift */; };
		65663ABD1E6466910097443D /* ForecastWeek.swift in Sources */ = {isa = PBXBuildFile; fileRef = 65663ABC1E6466910097443D /* ForecastWeek.swift */; };
		65663AC01E648A6F0097443D /* WeatherCollectionViewHeader.swift in Sources */ = {isa = PBXBuildFile; fileRef = 65663ABF1E648A6F0097443D /* WeatherCollectionViewHeader.swift */; };
		65663AC21E64937A0097443D /* City.swift in Sources */ = {isa = PBXBuildFile; fileRef = 65663AC11E64937A0097443D /* City.swift */; };
		65663AC91E6597FE0097443D /* WeatherLocationView.swift in Sources */ = {isa = PBXBuildFile; fileRef = 65663AC81E6597FE0097443D /* WeatherLocationView.swift */; };
		65663ACB1E659C400097443D /* ForecastControllerTests.swift in Sources */ = {isa = PBXBuildFile; fileRef = 65663ACA1E659C400097443D /* ForecastControllerTests.swift */; };
		65663ACD1E659C590097443D /* TestNetworkController.swift in Sources */ = {isa = PBXBuildFile; fileRef = 65663ACC1E659C590097443D /* TestNetworkController.swift */; };
		65663ACF1E659F500097443D /* forecast.json in Resources */ = {isa = PBXBuildFile; fileRef = 65F048891E635E0300894034 /* forecast.json */; };
		65663AD11E65C5490097443D /* WeatherCollectionViewCellTests.swift in Sources */ = {isa = PBXBuildFile; fileRef = 65663AD01E65C5490097443D /* WeatherCollectionViewCellTests.swift */; };
		65663AD41E65C6010097443D /* CityTests.swift in Sources */ = {isa = PBXBuildFile; fileRef = 65663AD31E65C6010097443D /* CityTests.swift */; };
		65663AD61E65C60C0097443D /* ForecastTests.swift in Sources */ = {isa = PBXBuildFile; fileRef = 65663AD51E65C60C0097443D /* ForecastTests.swift */; };
		6592C7691E633CD100EE5E05 /* OpenWeatherAppDelegate.swift in Sources */ = {isa = PBXBuildFile; fileRef = 6592C7681E633CD100EE5E05 /* OpenWeatherAppDelegate.swift */; };
		6592C76B1E633CD100EE5E05 /* WeatherDetailViewController.swift in Sources */ = {isa = PBXBuildFile; fileRef = 6592C76A1E633CD100EE5E05 /* WeatherDetailViewController.swift */; };
		6592C76E1E633CD100EE5E05 /* Main.storyboard in Resources */ = {isa = PBXBuildFile; fileRef = 6592C76C1E633CD100EE5E05 /* Main.storyboard */; };
		6592C7731E633CD100EE5E05 /* LaunchScreen.storyboard in Resources */ = {isa = PBXBuildFile; fileRef = 6592C7711E633CD100EE5E05 /* LaunchScreen.storyboard */; };
		6592C7991E63462E00EE5E05 /* Forecast.swift in Sources */ = {isa = PBXBuildFile; fileRef = 6592C7981E63462E00EE5E05 /* Forecast.swift */; };
		6592C79B1E63478600EE5E05 /* ForecastDay.swift in Sources */ = {isa = PBXBuildFile; fileRef = 6592C79A1E63478600EE5E05 /* ForecastDay.swift */; };
		6592C7A01E63492C00EE5E05 /* NetworkController.swift in Sources */ = {isa = PBXBuildFile; fileRef = 6592C79F1E63492C00EE5E05 /* NetworkController.swift */; };
		6592C7A21E63494A00EE5E05 /* ForecastController.swift in Sources */ = {isa = PBXBuildFile; fileRef = 6592C7A11E63494A00EE5E05 /* ForecastController.swift */; };
		6592C7A51E634A6900EE5E05 /* city.list.json in Resources */ = {isa = PBXBuildFile; fileRef = 6592C7A41E634A6900EE5E05 /* city.list.json */; };
		65F0488A1E635E0300894034 /* forecast.json in Resources */ = {isa = PBXBuildFile; fileRef = 65F048891E635E0300894034 /* forecast.json */; };
		65F0488D1E641A9800894034 /* WeatherCollectionViewCell.swift in Sources */ = {isa = PBXBuildFile; fileRef = 65F0488C1E641A9800894034 /* WeatherCollectionViewCell.swift */; };
/* End PBXBuildFile section */

/* Begin PBXContainerItemProxy section */
		6592C77A1E633CD100EE5E05 /* PBXContainerItemProxy */ = {
			isa = PBXContainerItemProxy;
			containerPortal = 6592C75D1E633CD100EE5E05 /* Project object */;
			proxyType = 1;
			remoteGlobalIDString = 6592C7641E633CD100EE5E05;
			remoteInfo = OpenWeather;
		};
/* End PBXContainerItemProxy section */

/* Begin PBXFileReference section */
		2B0A6ABA1F0E5D900045BDC3 /* WeatherViewController.swift */ = {isa = PBXFileReference; fileEncoding = 4; lastKnownFileType = sourcecode.swift; path = WeatherViewController.swift; sourceTree = "<group>"; };
		2B0A6ABD1F0E5EB50045BDC3 /* Images.xcassets */ = {isa = PBXFileReference; lastKnownFileType = folder.assetcatalog; path = Images.xcassets; sourceTree = "<group>"; };
		2B0A6ABE1F0E5EB50045BDC3 /* City.plist */ = {isa = PBXFileReference; fileEncoding = 4; lastKnownFileType = text.plist.xml; path = City.plist; sourceTree = "<group>"; };
		2B0A6ABF1F0E5EB50045BDC3 /* Inspirations.xcassets */ = {isa = PBXFileReference; lastKnownFileType = folder.assetcatalog; path = Inspirations.xcassets; sourceTree = "<group>"; };
		2B0A6AC51F0E5F4B0045BDC3 /* UltravisualLayout.swift */ = {isa = PBXFileReference; fileEncoding = 4; lastKnownFileType = sourcecode.swift; path = UltravisualLayout.swift; sourceTree = "<group>"; };
		2B0A6AC71F0E5F600045BDC3 /* UIColor+Palette.swift */ = {isa = PBXFileReference; fileEncoding = 4; lastKnownFileType = sourcecode.swift; path = "UIColor+Palette.swift"; sourceTree = "<group>"; };
		2B0A6AC81F0E5F600045BDC3 /* UIImage+Decompression.swift */ = {isa = PBXFileReference; fileEncoding = 4; lastKnownFileType = sourcecode.swift; path = "UIImage+Decompression.swift"; sourceTree = "<group>"; };
		2B0A6ACB1F0E5F8C0045BDC3 /* WeatherCell.swift */ = {isa = PBXFileReference; fileEncoding = 4; lastKnownFileType = sourcecode.swift; path = WeatherCell.swift; sourceTree = "<group>"; };
		2B0A6ACD1F0E5FA60045BDC3 /* Session.swift */ = {isa = PBXFileReference; fileEncoding = 4; lastKnownFileType = sourcecode.swift; path = Session.swift; sourceTree = "<group>"; };
		2B0A6ACE1F0E5FA60045BDC3 /* Inspiration.swift */ = {isa = PBXFileReference; fileEncoding = 4; lastKnownFileType = sourcecode.swift; path = Inspiration.swift; sourceTree = "<group>"; };
		2B5018B71F06691B005DF6CD /* data2.db */ = {isa = PBXFileReference; lastKnownFileType = file; path = data2.db; sourceTree = "<group>"; };
		2BA716901F03D51E00C19B1A /* TransliterationText.swift */ = {isa = PBXFileReference; fileEncoding = 4; lastKnownFileType = sourcecode.swift; path = TransliterationText.swift; sourceTree = "<group>"; };
		2BC7B89F1F0614D4004FB12C /* SQLiteDB.swift */ = {isa = PBXFileReference; fileEncoding = 4; lastKnownFileType = sourcecode.swift; path = SQLiteDB.swift; sourceTree = "<group>"; };
		2BC7B8A41F061762004FB12C /* libsqlite3.tbd */ = {isa = PBXFileReference; lastKnownFileType = "sourcecode.text-based-dylib-definition"; name = libsqlite3.tbd; path = usr/lib/libsqlite3.tbd; sourceTree = SDKROOT; };
		2BC7B8A61F061782004FB12C /* libsqlite3.0.tbd */ = {isa = PBXFileReference; lastKnownFileType = "sourcecode.text-based-dylib-definition"; name = libsqlite3.0.tbd; path = usr/lib/libsqlite3.0.tbd; sourceTree = SDKROOT; };
		2BC7B8A81F061870004FB12C /* OpenWeather-Bridging-Header.h */ = {isa = PBXFileReference; lastKnownFileType = sourcecode.c.h; path = "OpenWeather-Bridging-Header.h"; sourceTree = "<group>"; };
		2BDA59DD1F04F6FD0049EA51 /* WeatherDetail.storyboard */ = {isa = PBXFileReference; fileEncoding = 4; lastKnownFileType = file.storyboard; path = WeatherDetail.storyboard; sourceTree = "<group>"; };
		2BDA59DF1F051E010049EA51 /* SearchCity.storyboard */ = {isa = PBXFileReference; fileEncoding = 4; lastKnownFileType = file.storyboard; path = SearchCity.storyboard; sourceTree = "<group>"; };
		2BDA59E21F05210C0049EA51 /* SearchCityViewController.swift */ = {isa = PBXFileReference; fileEncoding = 4; lastKnownFileType = sourcecode.swift; path = SearchCityViewController.swift; sourceTree = "<group>"; };
		2BE46B2F1F061D3800D7A26F /* SQLTable.swift */ = {isa = PBXFileReference; fileEncoding = 4; lastKnownFileType = sourcecode.swift; path = SQLTable.swift; sourceTree = "<group>"; };
		65007FFF1E634E0100DEEACA /* SimpleAlert.swift */ = {isa = PBXFileReference; fileEncoding = 4; lastKnownFileType = sourcecode.swift; path = SimpleAlert.swift; sourceTree = "<group>"; };
		65663ABC1E6466910097443D /* ForecastWeek.swift */ = {isa = PBXFileReference; fileEncoding = 4; lastKnownFileType = sourcecode.swift; path = ForecastWeek.swift; sourceTree = "<group>"; };
		65663ABF1E648A6F0097443D /* WeatherCollectionViewHeader.swift */ = {isa = PBXFileReference; fileEncoding = 4; lastKnownFileType = sourcecode.swift; path = WeatherCollectionViewHeader.swift; sourceTree = "<group>"; };
		65663AC11E64937A0097443D /* City.swift */ = {isa = PBXFileReference; fileEncoding = 4; lastKnownFileType = sourcecode.swift; path = City.swift; sourceTree = "<group>"; };
		65663AC81E6597FE0097443D /* WeatherLocationView.swift */ = {isa = PBXFileReference; fileEncoding = 4; lastKnownFileType = sourcecode.swift; path = WeatherLocationView.swift; sourceTree = "<group>"; };
		65663ACA1E659C400097443D /* ForecastControllerTests.swift */ = {isa = PBXFileReference; fileEncoding = 4; lastKnownFileType = sourcecode.swift; path = ForecastControllerTests.swift; sourceTree = "<group>"; };
		65663ACC1E659C590097443D /* TestNetworkController.swift */ = {isa = PBXFileReference; fileEncoding = 4; lastKnownFileType = sourcecode.swift; path = TestNetworkController.swift; sourceTree = "<group>"; };
		65663AD01E65C5490097443D /* WeatherCollectionViewCellTests.swift */ = {isa = PBXFileReference; fileEncoding = 4; lastKnownFileType = sourcecode.swift; path = WeatherCollectionViewCellTests.swift; sourceTree = "<group>"; };
		65663AD31E65C6010097443D /* CityTests.swift */ = {isa = PBXFileReference; fileEncoding = 4; lastKnownFileType = sourcecode.swift; path = CityTests.swift; sourceTree = "<group>"; };
		65663AD51E65C60C0097443D /* ForecastTests.swift */ = {isa = PBXFileReference; fileEncoding = 4; lastKnownFileType = sourcecode.swift; path = ForecastTests.swift; sourceTree = "<group>"; };
		6592C7651E633CD100EE5E05 /* OpenWeather.app */ = {isa = PBXFileReference; explicitFileType = wrapper.application; includeInIndex = 0; path = OpenWeather.app; sourceTree = BUILT_PRODUCTS_DIR; };
		6592C7681E633CD100EE5E05 /* OpenWeatherAppDelegate.swift */ = {isa = PBXFileReference; lastKnownFileType = sourcecode.swift; path = OpenWeatherAppDelegate.swift; sourceTree = "<group>"; };
		6592C76A1E633CD100EE5E05 /* WeatherDetailViewController.swift */ = {isa = PBXFileReference; lastKnownFileType = sourcecode.swift; path = WeatherDetailViewController.swift; sourceTree = "<group>"; };
		6592C76D1E633CD100EE5E05 /* Base */ = {isa = PBXFileReference; lastKnownFileType = file.storyboard; name = Base; path = Base.lproj/Main.storyboard; sourceTree = "<group>"; };
		6592C7721E633CD100EE5E05 /* Base */ = {isa = PBXFileReference; lastKnownFileType = file.storyboard; name = Base; path = Base.lproj/LaunchScreen.storyboard; sourceTree = "<group>"; };
		6592C7741E633CD100EE5E05 /* Info.plist */ = {isa = PBXFileReference; lastKnownFileType = text.plist.xml; path = Info.plist; sourceTree = "<group>"; };
		6592C7791E633CD100EE5E05 /* OpenWeatherTests.xctest */ = {isa = PBXFileReference; explicitFileType = wrapper.cfbundle; includeInIndex = 0; path = OpenWeatherTests.xctest; sourceTree = BUILT_PRODUCTS_DIR; };
		6592C77F1E633CD100EE5E05 /* Info.plist */ = {isa = PBXFileReference; lastKnownFileType = text.plist.xml; path = Info.plist; sourceTree = "<group>"; };
		6592C7981E63462E00EE5E05 /* Forecast.swift */ = {isa = PBXFileReference; fileEncoding = 4; lastKnownFileType = sourcecode.swift; path = Forecast.swift; sourceTree = "<group>"; };
		6592C79A1E63478600EE5E05 /* ForecastDay.swift */ = {isa = PBXFileReference; fileEncoding = 4; lastKnownFileType = sourcecode.swift; path = ForecastDay.swift; sourceTree = "<group>"; };
		6592C79F1E63492C00EE5E05 /* NetworkController.swift */ = {isa = PBXFileReference; fileEncoding = 4; lastKnownFileType = sourcecode.swift; path = NetworkController.swift; sourceTree = "<group>"; };
		6592C7A11E63494A00EE5E05 /* ForecastController.swift */ = {isa = PBXFileReference; fileEncoding = 4; lastKnownFileType = sourcecode.swift; path = ForecastController.swift; sourceTree = "<group>"; };
		6592C7A41E634A6900EE5E05 /* city.list.json */ = {isa = PBXFileReference; fileEncoding = 4; lastKnownFileType = text.json; path = city.list.json; sourceTree = "<group>"; };
		65F048891E635E0300894034 /* forecast.json */ = {isa = PBXFileReference; fileEncoding = 4; lastKnownFileType = text.json; path = forecast.json; sourceTree = "<group>"; };
		65F0488C1E641A9800894034 /* WeatherCollectionViewCell.swift */ = {isa = PBXFileReference; fileEncoding = 4; lastKnownFileType = sourcecode.swift; path = WeatherCollectionViewCell.swift; sourceTree = "<group>"; };
/* End PBXFileReference section */

/* Begin PBXFrameworksBuildPhase section */
		6592C7621E633CD100EE5E05 /* Frameworks */ = {
			isa = PBXFrameworksBuildPhase;
			buildActionMask = 2147483647;
			files = (
				2BC7B8AA1F061B56004FB12C /* libsqlite3.0.tbd in Frameworks */,
			);
			runOnlyForDeploymentPostprocessing = 0;
		};
		6592C7761E633CD100EE5E05 /* Frameworks */ = {
			isa = PBXFrameworksBuildPhase;
			buildActionMask = 2147483647;
			files = (
			);
			runOnlyForDeploymentPostprocessing = 0;
		};
/* End PBXFrameworksBuildPhase section */

/* Begin PBXGroup section */
		2B0A6ABC1F0E5E9D0045BDC3 /* Assets */ = {
			isa = PBXGroup;
			children = (
				2B0A6ABD1F0E5EB50045BDC3 /* Images.xcassets */,
				2B0A6ABE1F0E5EB50045BDC3 /* City.plist */,
				2B0A6ABF1F0E5EB50045BDC3 /* Inspirations.xcassets */,
			);
			name = Assets;
			sourceTree = "<group>";
		};
		2BA7169B1F03DCD700C19B1A /* Extensions */ = {
			isa = PBXGroup;
			children = (
				2B0A6AC71F0E5F600045BDC3 /* UIColor+Palette.swift */,
				2B0A6AC81F0E5F600045BDC3 /* UIImage+Decompression.swift */,
			);
			name = Extensions;
			path = Utilities;
			sourceTree = "<group>";
		};
		2BA716A01F03DD2800C19B1A /* Layouts */ = {
			isa = PBXGroup;
			children = (
				2B0A6AC51F0E5F4B0045BDC3 /* UltravisualLayout.swift */,
			);
			name = Layouts;
			sourceTree = "<group>";
		};
		2BC7B8A31F061762004FB12C /* Frameworks */ = {
			isa = PBXGroup;
			children = (
				2BC7B8A61F061782004FB12C /* libsqlite3.0.tbd */,
				2BC7B8A41F061762004FB12C /* libsqlite3.tbd */,
			);
			name = Frameworks;
			sourceTree = "<group>";
		};
		2BC7B8A91F061987004FB12C /* Module */ = {
			isa = PBXGroup;
			children = (
			);
			name = Module;
			path = Model;
			sourceTree = "<group>";
		};
		2BDA59E11F051E520049EA51 /* Interface */ = {
			isa = PBXGroup;
			children = (
				6592C7711E633CD100EE5E05 /* LaunchScreen.storyboard */,
				2BDA59DF1F051E010049EA51 /* SearchCity.storyboard */,
				2BDA59DD1F04F6FD0049EA51 /* WeatherDetail.storyboard */,
				6592C76C1E633CD100EE5E05 /* Main.storyboard */,
			);
			name = Interface;
			sourceTree = "<group>";
		};
		65007FFE1E634DF000DEEACA /* Utilities */ = {
			isa = PBXGroup;
			children = (
				65007FFF1E634E0100DEEACA /* SimpleAlert.swift */,
				2BA716901F03D51E00C19B1A /* TransliterationText.swift */,
				2BC7B89F1F0614D4004FB12C /* SQLiteDB.swift */,
				2BE46B2F1F061D3800D7A26F /* SQLTable.swift */,
			);
			path = Utilities;
			sourceTree = "<group>";
		};
		65663ABE1E648A300097443D /* CollectionViewHeaders */ = {
			isa = PBXGroup;
			children = (
				65663ABF1E648A6F0097443D /* WeatherCollectionViewHeader.swift */,
			);
			path = CollectionViewHeaders;
			sourceTree = "<group>";
		};
		65663AC71E6597970097443D /* Custom Views */ = {
			isa = PBXGroup;
			children = (
				65663AC81E6597FE0097443D /* WeatherLocationView.swift */,
			);
			path = "Custom Views";
			sourceTree = "<group>";
		};
		65663AD21E65C5EF0097443D /* Model */ = {
			isa = PBXGroup;
			children = (
				65663AD31E65C6010097443D /* CityTests.swift */,
				65663AD51E65C60C0097443D /* ForecastTests.swift */,
			);
			path = Model;
			sourceTree = "<group>";
		};
		6592C75C1E633CD100EE5E05 = {
			isa = PBXGroup;
			children = (
				6592C7671E633CD100EE5E05 /* OpenWeather */,
				6592C77C1E633CD100EE5E05 /* OpenWeatherTests */,
				6592C7661E633CD100EE5E05 /* Products */,
				2BC7B8A31F061762004FB12C /* Frameworks */,
			);
			sourceTree = "<group>";
		};
		6592C7661E633CD100EE5E05 /* Products */ = {
			isa = PBXGroup;
			children = (
				6592C7651E633CD100EE5E05 /* OpenWeather.app */,
				6592C7791E633CD100EE5E05 /* OpenWeatherTests.xctest */,
			);
			name = Products;
			sourceTree = "<group>";
		};
		6592C7671E633CD100EE5E05 /* OpenWeather */ = {
			isa = PBXGroup;
			children = (
				2B0A6ABC1F0E5E9D0045BDC3 /* Assets */,
				2BA716A01F03DD2800C19B1A /* Layouts */,
				2BA7169B1F03DCD700C19B1A /* Extensions */,
				65007FFE1E634DF000DEEACA /* Utilities */,
				6592C7A31E634A5B00EE5E05 /* Resources */,
				6592C79C1E6347DF00EE5E05 /* Controllers */,
				65F0488B1E64186B00894034 /* Cells */,
				65663ABE1E648A300097443D /* CollectionViewHeaders */,
				65663AC71E6597970097443D /* Custom Views */,
				6592C7971E63461300EE5E05 /* ViewControllers */,
				6592C7961E63460300EE5E05 /* Model */,
				6592C7681E633CD100EE5E05 /* OpenWeatherAppDelegate.swift */,
				2BC7B8A91F061987004FB12C /* Module */,
				2BDA59E11F051E520049EA51 /* Interface */,
				6592C7741E633CD100EE5E05 /* Info.plist */,
			);
			path = OpenWeather;
			sourceTree = "<group>";
		};
		6592C77C1E633CD100EE5E05 /* OpenWeatherTests */ = {
			isa = PBXGroup;
			children = (
				65663AD21E65C5EF0097443D /* Model */,
				65F048881E635DEA00894034 /* ForecastController */,
				6592C77F1E633CD100EE5E05 /* Info.plist */,
				65663AD01E65C5490097443D /* WeatherCollectionViewCellTests.swift */,
			);
			path = OpenWeatherTests;
			sourceTree = "<group>";
		};
		6592C7961E63460300EE5E05 /* Model */ = {
			isa = PBXGroup;
			children = (
				2B0A6ACD1F0E5FA60045BDC3 /* Session.swift */,
				2B0A6ACE1F0E5FA60045BDC3 /* Inspiration.swift */,
				65663AC11E64937A0097443D /* City.swift */,
				6592C7981E63462E00EE5E05 /* Forecast.swift */,
				6592C79A1E63478600EE5E05 /* ForecastDay.swift */,
				65663ABC1E6466910097443D /* ForecastWeek.swift */,
			);
			path = Model;
			sourceTree = "<group>";
		};
		6592C7971E63461300EE5E05 /* ViewControllers */ = {
			isa = PBXGroup;
			children = (
				2B0A6ABA1F0E5D900045BDC3 /* WeatherViewController.swift */,
				6592C76A1E633CD100EE5E05 /* WeatherDetailViewController.swift */,
				2BDA59E21F05210C0049EA51 /* SearchCityViewController.swift */,
			);
			path = ViewControllers;
			sourceTree = "<group>";
		};
		6592C79C1E6347DF00EE5E05 /* Controllers */ = {
			isa = PBXGroup;
			children = (
				6592C79F1E63492C00EE5E05 /* NetworkController.swift */,
				6592C7A11E63494A00EE5E05 /* ForecastController.swift */,
			);
			path = Controllers;
			sourceTree = "<group>";
		};
		6592C7A31E634A5B00EE5E05 /* Resources */ = {
			isa = PBXGroup;
			children = (
				6592C7A41E634A6900EE5E05 /* city.list.json */,
				2B5018B71F06691B005DF6CD /* data2.db */,
				2BC7B8A81F061870004FB12C /* OpenWeather-Bridging-Header.h */,
			);
			path = Resources;
			sourceTree = "<group>";
		};
		65F048881E635DEA00894034 /* ForecastController */ = {
			isa = PBXGroup;
			children = (
				65F048891E635E0300894034 /* forecast.json */,
				65663ACA1E659C400097443D /* ForecastControllerTests.swift */,
				65663ACC1E659C590097443D /* TestNetworkController.swift */,
			);
			path = ForecastController;
			sourceTree = "<group>";
		};
		65F0488B1E64186B00894034 /* Cells */ = {
			isa = PBXGroup;
			children = (
				2B0A6ACB1F0E5F8C0045BDC3 /* WeatherCell.swift */,
				65F0488C1E641A9800894034 /* WeatherCollectionViewCell.swift */,
			);
			path = Cells;
			sourceTree = "<group>";
		};
/* End PBXGroup section */

/* Begin PBXNativeTarget section */
		6592C7641E633CD100EE5E05 /* OpenWeather */ = {
			isa = PBXNativeTarget;
			buildConfigurationList = 6592C78D1E633CD100EE5E05 /* Build configuration list for PBXNativeTarget "OpenWeather" */;
			buildPhases = (
				6592C7611E633CD100EE5E05 /* Sources */,
				6592C7621E633CD100EE5E05 /* Frameworks */,
				6592C7631E633CD100EE5E05 /* Resources */,
			);
			buildRules = (
			);
			dependencies = (
			);
			name = OpenWeather;
			productName = OpenWeather;
			productReference = 6592C7651E633CD100EE5E05 /* OpenWeather.app */;
			productType = "com.apple.product-type.application";
		};
		6592C7781E633CD100EE5E05 /* OpenWeatherTests */ = {
			isa = PBXNativeTarget;
			buildConfigurationList = 6592C7901E633CD100EE5E05 /* Build configuration list for PBXNativeTarget "OpenWeatherTests" */;
			buildPhases = (
				6592C7751E633CD100EE5E05 /* Sources */,
				6592C7761E633CD100EE5E05 /* Frameworks */,
				6592C7771E633CD100EE5E05 /* Resources */,
			);
			buildRules = (
			);
			dependencies = (
				6592C77B1E633CD100EE5E05 /* PBXTargetDependency */,
			);
			name = OpenWeatherTests;
			productName = OpenWeatherTests;
			productReference = 6592C7791E633CD100EE5E05 /* OpenWeatherTests.xctest */;
			productType = "com.apple.product-type.bundle.unit-test";
		};
/* End PBXNativeTarget section */

/* Begin PBXProject section */
		6592C75D1E633CD100EE5E05 /* Project object */ = {
			isa = PBXProject;
			attributes = {
				LastSwiftUpdateCheck = 0820;
				LastUpgradeCheck = 0820;
				ORGANIZATIONNAME = "Dorada App Software Ltd";
				TargetAttributes = {
					6592C7641E633CD100EE5E05 = {
						CreatedOnToolsVersion = 8.2.1;
						DevelopmentTeam = C99DGAH7Y7;
						ProvisioningStyle = Automatic;
					};
					6592C7781E633CD100EE5E05 = {
						CreatedOnToolsVersion = 8.2.1;
						DevelopmentTeam = M48L9PJD97;
						ProvisioningStyle = Automatic;
						TestTargetID = 6592C7641E633CD100EE5E05;
					};
				};
			};
			buildConfigurationList = 6592C7601E633CD100EE5E05 /* Build configuration list for PBXProject "OpenWeather" */;
			compatibilityVersion = "Xcode 3.2";
			developmentRegion = English;
			hasScannedForEncodings = 0;
			knownRegions = (
				en,
				Base,
			);
			mainGroup = 6592C75C1E633CD100EE5E05;
			productRefGroup = 6592C7661E633CD100EE5E05 /* Products */;
			projectDirPath = "";
			projectRoot = "";
			targets = (
				6592C7641E633CD100EE5E05 /* OpenWeather */,
				6592C7781E633CD100EE5E05 /* OpenWeatherTests */,
			);
		};
/* End PBXProject section */

/* Begin PBXResourcesBuildPhase section */
		6592C7631E633CD100EE5E05 /* Resources */ = {
			isa = PBXResourcesBuildPhase;
			buildActionMask = 2147483647;
			files = (
				6592C7731E633CD100EE5E05 /* LaunchScreen.storyboard in Resources */,
				2B0A6AC11F0E5EB50045BDC3 /* City.plist in Resources */,
				2B0A6AC01F0E5EB50045BDC3 /* Images.xcassets in Resources */,
				2BDA59E01F051E010049EA51 /* SearchCity.storyboard in Resources */,
				2B5018B81F06691B005DF6CD /* data2.db in Resources */,
				6592C7A51E634A6900EE5E05 /* city.list.json in Resources */,
				2BDA59DE1F04F6FD0049EA51 /* WeatherDetail.storyboard in Resources */,
				65663ACF1E659F500097443D /* forecast.json in Resources */,
				2B0A6AC21F0E5EB50045BDC3 /* Inspirations.xcassets in Resources */,
				6592C76E1E633CD100EE5E05 /* Main.storyboard in Resources */,
			);
			runOnlyForDeploymentPostprocessing = 0;
		};
		6592C7771E633CD100EE5E05 /* Resources */ = {
			isa = PBXResourcesBuildPhase;
			buildActionMask = 2147483647;
			files = (
				65F0488A1E635E0300894034 /* forecast.json in Resources */,
			);
			runOnlyForDeploymentPostprocessing = 0;
		};
/* End PBXResourcesBuildPhase section */

/* Begin PBXSourcesBuildPhase section */
		6592C7611E633CD100EE5E05 /* Sources */ = {
			isa = PBXSourcesBuildPhase;
			buildActionMask = 2147483647;
			files = (
				65663AC91E6597FE0097443D /* WeatherLocationView.swift in Sources */,
				65663ABD1E6466910097443D /* ForecastWeek.swift in Sources */,
				6592C7A01E63492C00EE5E05 /* NetworkController.swift in Sources */,
				65663AC01E648A6F0097443D /* WeatherCollectionViewHeader.swift in Sources */,
				65F0488D1E641A9800894034 /* WeatherCollectionViewCell.swift in Sources */,
				6592C76B1E633CD100EE5E05 /* WeatherDetailViewController.swift in Sources */,
				2BC7B8A01F0614D4004FB12C /* SQLiteDB.swift in Sources */,
				6592C79B1E63478600EE5E05 /* ForecastDay.swift in Sources */,
				2B0A6AC91F0E5F600045BDC3 /* UIColor+Palette.swift in Sources */,
				6592C7991E63462E00EE5E05 /* Forecast.swift in Sources */,
				2B0A6AD01F0E5FA60045BDC3 /* Inspiration.swift in Sources */,
				2BDA59E31F05210C0049EA51 /* SearchCityViewController.swift in Sources */,
				2BA716911F03D51E00C19B1A /* TransliterationText.swift in Sources */,
				2B0A6ABB1F0E5D900045BDC3 /* WeatherViewController.swift in Sources */,
				2BE46B301F061D3800D7A26F /* SQLTable.swift in Sources */,
				65663AC21E64937A0097443D /* City.swift in Sources */,
				650080001E634E0100DEEACA /* SimpleAlert.swift in Sources */,
				6592C7A21E63494A00EE5E05 /* ForecastController.swift in Sources */,
				2B0A6ACA1F0E5F600045BDC3 /* UIImage+Decompression.swift in Sources */,
				2B0A6ACF1F0E5FA60045BDC3 /* Session.swift in Sources */,
				2B0A6AC61F0E5F4B0045BDC3 /* UltravisualLayout.swift in Sources */,
				2B0A6ACC1F0E5F8C0045BDC3 /* WeatherCell.swift in Sources */,
				6592C7691E633CD100EE5E05 /* OpenWeatherAppDelegate.swift in Sources */,
			);
			runOnlyForDeploymentPostprocessing = 0;
		};
		6592C7751E633CD100EE5E05 /* Sources */ = {
			isa = PBXSourcesBuildPhase;
			buildActionMask = 2147483647;
			files = (
				65663ACD1E659C590097443D /* TestNetworkController.swift in Sources */,
				65663AD11E65C5490097443D /* WeatherCollectionViewCellTests.swift in Sources */,
				65663ACB1E659C400097443D /* ForecastControllerTests.swift in Sources */,
				65663AD61E65C60C0097443D /* ForecastTests.swift in Sources */,
				65663AD41E65C6010097443D /* CityTests.swift in Sources */,
			);
			runOnlyForDeploymentPostprocessing = 0;
		};
/* End PBXSourcesBuildPhase section */

/* Begin PBXTargetDependency section */
		6592C77B1E633CD100EE5E05 /* PBXTargetDependency */ = {
			isa = PBXTargetDependency;
			target = 6592C7641E633CD100EE5E05 /* OpenWeather */;
			targetProxy = 6592C77A1E633CD100EE5E05 /* PBXContainerItemProxy */;
		};
/* End PBXTargetDependency section */

/* Begin PBXVariantGroup section */
		6592C76C1E633CD100EE5E05 /* Main.storyboard */ = {
			isa = PBXVariantGroup;
			children = (
				6592C76D1E633CD100EE5E05 /* Base */,
			);
			name = Main.storyboard;
			sourceTree = "<group>";
		};
		6592C7711E633CD100EE5E05 /* LaunchScreen.storyboard */ = {
			isa = PBXVariantGroup;
			children = (
				6592C7721E633CD100EE5E05 /* Base */,
			);
			name = LaunchScreen.storyboard;
			sourceTree = "<group>";
		};
/* End PBXVariantGroup section */

/* Begin XCBuildConfiguration section */
		6592C78B1E633CD100EE5E05 /* Debug */ = {
			isa = XCBuildConfiguration;
			buildSettings = {
				ALWAYS_SEARCH_USER_PATHS = NO;
				CLANG_ANALYZER_NONNULL = YES;
				CLANG_CXX_LANGUAGE_STANDARD = "gnu++0x";
				CLANG_CXX_LIBRARY = "libc++";
				CLANG_ENABLE_MODULES = YES;
				CLANG_ENABLE_OBJC_ARC = YES;
				CLANG_WARN_BOOL_CONVERSION = YES;
				CLANG_WARN_CONSTANT_CONVERSION = YES;
				CLANG_WARN_DIRECT_OBJC_ISA_USAGE = YES_ERROR;
				CLANG_WARN_DOCUMENTATION_COMMENTS = YES;
				CLANG_WARN_EMPTY_BODY = YES;
				CLANG_WARN_ENUM_CONVERSION = YES;
				CLANG_WARN_INFINITE_RECURSION = YES;
				CLANG_WARN_INT_CONVERSION = YES;
				CLANG_WARN_OBJC_ROOT_CLASS = YES_ERROR;
				CLANG_WARN_SUSPICIOUS_MOVE = YES;
				CLANG_WARN_UNREACHABLE_CODE = YES;
				CLANG_WARN__DUPLICATE_METHOD_MATCH = YES;
				"CODE_SIGN_IDENTITY[sdk=iphoneos*]" = "iPhone Developer";
				COPY_PHASE_STRIP = NO;
				DEBUG_INFORMATION_FORMAT = dwarf;
				ENABLE_STRICT_OBJC_MSGSEND = YES;
				ENABLE_TESTABILITY = YES;
				GCC_C_LANGUAGE_STANDARD = gnu99;
				GCC_DYNAMIC_NO_PIC = NO;
				GCC_NO_COMMON_BLOCKS = YES;
				GCC_OPTIMIZATION_LEVEL = 0;
				GCC_PREPROCESSOR_DEFINITIONS = (
					"DEBUG=1",
					"$(inherited)",
				);
				GCC_WARN_64_TO_32_BIT_CONVERSION = YES;
				GCC_WARN_ABOUT_RETURN_TYPE = YES_ERROR;
				GCC_WARN_UNDECLARED_SELECTOR = YES;
				GCC_WARN_UNINITIALIZED_AUTOS = YES_AGGRESSIVE;
				GCC_WARN_UNUSED_FUNCTION = YES;
				GCC_WARN_UNUSED_VARIABLE = YES;
				IPHONEOS_DEPLOYMENT_TARGET = 10.2;
				MTL_ENABLE_DEBUG_INFO = YES;
				ONLY_ACTIVE_ARCH = YES;
				SDKROOT = iphoneos;
				SWIFT_ACTIVE_COMPILATION_CONDITIONS = DEBUG;
				SWIFT_OPTIMIZATION_LEVEL = "-Onone";
			};
			name = Debug;
		};
		6592C78C1E633CD100EE5E05 /* Release */ = {
			isa = XCBuildConfiguration;
			buildSettings = {
				ALWAYS_SEARCH_USER_PATHS = NO;
				CLANG_ANALYZER_NONNULL = YES;
				CLANG_CXX_LANGUAGE_STANDARD = "gnu++0x";
				CLANG_CXX_LIBRARY = "libc++";
				CLANG_ENABLE_MODULES = YES;
				CLANG_ENABLE_OBJC_ARC = YES;
				CLANG_WARN_BOOL_CONVERSION = YES;
				CLANG_WARN_CONSTANT_CONVERSION = YES;
				CLANG_WARN_DIRECT_OBJC_ISA_USAGE = YES_ERROR;
				CLANG_WARN_DOCUMENTATION_COMMENTS = YES;
				CLANG_WARN_EMPTY_BODY = YES;
				CLANG_WARN_ENUM_CONVERSION = YES;
				CLANG_WARN_INFINITE_RECURSION = YES;
				CLANG_WARN_INT_CONVERSION = YES;
				CLANG_WARN_OBJC_ROOT_CLASS = YES_ERROR;
				CLANG_WARN_SUSPICIOUS_MOVE = YES;
				CLANG_WARN_UNREACHABLE_CODE = YES;
				CLANG_WARN__DUPLICATE_METHOD_MATCH = YES;
				"CODE_SIGN_IDENTITY[sdk=iphoneos*]" = "iPhone Developer";
				COPY_PHASE_STRIP = NO;
				DEBUG_INFORMATION_FORMAT = "dwarf-with-dsym";
				ENABLE_NS_ASSERTIONS = NO;
				ENABLE_STRICT_OBJC_MSGSEND = YES;
				GCC_C_LANGUAGE_STANDARD = gnu99;
				GCC_NO_COMMON_BLOCKS = YES;
				GCC_WARN_64_TO_32_BIT_CONVERSION = YES;
				GCC_WARN_ABOUT_RETURN_TYPE = YES_ERROR;
				GCC_WARN_UNDECLARED_SELECTOR = YES;
				GCC_WARN_UNINITIALIZED_AUTOS = YES_AGGRESSIVE;
				GCC_WARN_UNUSED_FUNCTION = YES;
				GCC_WARN_UNUSED_VARIABLE = YES;
				IPHONEOS_DEPLOYMENT_TARGET = 10.2;
				MTL_ENABLE_DEBUG_INFO = NO;
				SDKROOT = iphoneos;
				SWIFT_OPTIMIZATION_LEVEL = "-Owholemodule";
				VALIDATE_PRODUCT = YES;
			};
			name = Release;
		};
		6592C78E1E633CD100EE5E05 /* Debug */ = {
			isa = XCBuildConfiguration;
			buildSettings = {
				ASSETCATALOG_COMPILER_APPICON_NAME = AppIcon;
				ASSETCATALOG_COMPILER_LAUNCHIMAGE_NAME = LaunchImage;
				"CODE_SIGN_IDENTITY[sdk=iphoneos*]" = "iPhone Developer";
				DEVELOPMENT_TEAM = C99DGAH7Y7;
				INFOPLIST_FILE = OpenWeather/Info.plist;
				IPHONEOS_DEPLOYMENT_TARGET = 10.3;
				LD_RUNPATH_SEARCH_PATHS = "$(inherited) @executable_path/Frameworks";
				PRODUCT_BUNDLE_IDENTIFIER = ru.ftl.OpenWeather;
				PRODUCT_NAME = "$(TARGET_NAME)";
				SWIFT_OBJC_BRIDGING_HEADER = "OpenWeather/Resources/OpenWeather-Bridging-Header.h";
				SWIFT_VERSION = 3.0;
				TARGETED_DEVICE_FAMILY = 1;
			};
			name = Debug;
		};
		6592C78F1E633CD100EE5E05 /* Release */ = {
			isa = XCBuildConfiguration;
			buildSettings = {
				ASSETCATALOG_COMPILER_APPICON_NAME = AppIcon;
				ASSETCATALOG_COMPILER_LAUNCHIMAGE_NAME = LaunchImage;
				"CODE_SIGN_IDENTITY[sdk=iphoneos*]" = "iPhone Developer";
				DEVELOPMENT_TEAM = C99DGAH7Y7;
				INFOPLIST_FILE = OpenWeather/Info.plist;
				IPHONEOS_DEPLOYMENT_TARGET = 10.3;
				LD_RUNPATH_SEARCH_PATHS = "$(inherited) @executable_path/Frameworks";
				PRODUCT_BUNDLE_IDENTIFIER = ru.ftl.OpenWeather;
				PRODUCT_NAME = "$(TARGET_NAME)";
				SWIFT_OBJC_BRIDGING_HEADER = "OpenWeather/Resources/OpenWeather-Bridging-Header.h";
				SWIFT_OPTIMIZATION_LEVEL = "-Onone";
				SWIFT_VERSION = 3.0;
				TARGETED_DEVICE_FAMILY = 1;
			};
			name = Release;
		};
		6592C7911E633CD100EE5E05 /* Debug */ = {
			isa = XCBuildConfiguration;
			buildSettings = {
				ALWAYS_EMBED_SWIFT_STANDARD_LIBRARIES = YES;
				BUNDLE_LOADER = "$(TEST_HOST)";
				DEVELOPMENT_TEAM = M48L9PJD97;
				INFOPLIST_FILE = OpenWeatherTests/Info.plist;
				LD_RUNPATH_SEARCH_PATHS = "$(inherited) @executable_path/Frameworks @loader_path/Frameworks";
				PRODUCT_BUNDLE_IDENTIFIER = uk.co.dorada.OpenWeatherTests;
				PRODUCT_NAME = "$(TARGET_NAME)";
				SWIFT_VERSION = 3.0;
				TEST_HOST = "$(BUILT_PRODUCTS_DIR)/OpenWeather.app/OpenWeather";
			};
			name = Debug;
		};
		6592C7921E633CD100EE5E05 /* Release */ = {
			isa = XCBuildConfiguration;
			buildSettings = {
				ALWAYS_EMBED_SWIFT_STANDARD_LIBRARIES = YES;
				BUNDLE_LOADER = "$(TEST_HOST)";
				DEVELOPMENT_TEAM = M48L9PJD97;
				INFOPLIST_FILE = OpenWeatherTests/Info.plist;
				LD_RUNPATH_SEARCH_PATHS = "$(inherited) @executable_path/Frameworks @loader_path/Frameworks";
				PRODUCT_BUNDLE_IDENTIFIER = uk.co.dorada.OpenWeatherTests;
				PRODUCT_NAME = "$(TARGET_NAME)";
				SWIFT_VERSION = 3.0;
				TEST_HOST = "$(BUILT_PRODUCTS_DIR)/OpenWeather.app/OpenWeather";
			};
			name = Release;
		};
/* End XCBuildConfiguration section */

/* Begin XCConfigurationList section */
		6592C7601E633CD100EE5E05 /* Build configuration list for PBXProject "OpenWeather" */ = {
			isa = XCConfigurationList;
			buildConfigurations = (
				6592C78B1E633CD100EE5E05 /* Debug */,
				6592C78C1E633CD100EE5E05 /* Release */,
			);
			defaultConfigurationIsVisible = 0;
			defaultConfigurationName = Release;
		};
		6592C78D1E633CD100EE5E05 /* Build configuration list for PBXNativeTarget "OpenWeather" */ = {
			isa = XCConfigurationList;
			buildConfigurations = (
				6592C78E1E633CD100EE5E05 /* Debug */,
				6592C78F1E633CD100EE5E05 /* Release */,
			);
			defaultConfigurationIsVisible = 0;
			defaultConfigurationName = Release;
		};
		6592C7901E633CD100EE5E05 /* Build configuration list for PBXNativeTarget "OpenWeatherTests" */ = {
			isa = XCConfigurationList;
			buildConfigurations = (
				6592C7911E633CD100EE5E05 /* Debug */,
				6592C7921E633CD100EE5E05 /* Release */,
			);
			defaultConfigurationIsVisible = 0;
			defaultConfigurationName = Release;
		};
/* End XCConfigurationList section */
	};
	rootObject = 6592C75D1E633CD100EE5E05 /* Project object */;
}
